// !$*UTF8*$!
{
	archiveVersion = 1;
	classes = {
	};
	objectVersion = 56;
	objects = {

/* Begin PBXBuildFile section */
		360495822CAC01EF00F29186 /* CriminalDetailView.swift in Sources */ = {isa = PBXBuildFile; fileRef = 360495812CAC01EC00F29186 /* CriminalDetailView.swift */; };
		360495842CAC029E00F29186 /* Utilities.swift in Sources */ = {isa = PBXBuildFile; fileRef = 360495832CAC029800F29186 /* Utilities.swift */; };
		360583C92C90C4C600968A9E /* PersistenceController.swift in Sources */ = {isa = PBXBuildFile; fileRef = 360583C82C90C4C600968A9E /* PersistenceController.swift */; };
		360583CB2C90C9D900968A9E /* AddCriminalView.swift in Sources */ = {isa = PBXBuildFile; fileRef = 360583CA2C90C9D900968A9E /* AddCriminalView.swift */; };
		360583CD2C90C9F400968A9E /* ImagePicker.swift in Sources */ = {isa = PBXBuildFile; fileRef = 360583CC2C90C9F400968A9E /* ImagePicker.swift */; };
		3647B3A72C90B0090042120F /* CriminalModel.xcdatamodeld in Sources */ = {isa = PBXBuildFile; fileRef = 3647B3A52C90B0090042120F /* CriminalModel.xcdatamodeld */; };
		3675DDCB2C8EF81400D3B6D5 /* CrimeLoggerApp.swift in Sources */ = {isa = PBXBuildFile; fileRef = 3675DDCA2C8EF81400D3B6D5 /* CrimeLoggerApp.swift */; };
		3675DDCD2C8EF81400D3B6D5 /* ContentView.swift in Sources */ = {isa = PBXBuildFile; fileRef = 3675DDCC2C8EF81400D3B6D5 /* ContentView.swift */; };
		3675DDCF2C8EF81400D3B6D5 /* Item.swift in Sources */ = {isa = PBXBuildFile; fileRef = 3675DDCE2C8EF81400D3B6D5 /* Item.swift */; };
		3675DDD12C8EF81600D3B6D5 /* Assets.xcassets in Resources */ = {isa = PBXBuildFile; fileRef = 3675DDD02C8EF81600D3B6D5 /* Assets.xcassets */; };
		3675DDD52C8EF81600D3B6D5 /* Preview Assets.xcassets in Resources */ = {isa = PBXBuildFile; fileRef = 3675DDD42C8EF81600D3B6D5 /* Preview Assets.xcassets */; };
		3675DDDF2C8EF81600D3B6D5 /* CrimeLoggerTests.swift in Sources */ = {isa = PBXBuildFile; fileRef = 3675DDDE2C8EF81600D3B6D5 /* CrimeLoggerTests.swift */; };
		3675DDE92C8EF81600D3B6D5 /* CrimeLoggerUITests.swift in Sources */ = {isa = PBXBuildFile; fileRef = 3675DDE82C8EF81600D3B6D5 /* CrimeLoggerUITests.swift */; };
		3675DDEB2C8EF81600D3B6D5 /* CrimeLoggerUITestsLaunchTests.swift in Sources */ = {isa = PBXBuildFile; fileRef = 3675DDEA2C8EF81600D3B6D5 /* CrimeLoggerUITestsLaunchTests.swift */; };
/* End PBXBuildFile section */

/* Begin PBXContainerItemProxy section */
		3675DDDB2C8EF81600D3B6D5 /* PBXContainerItemProxy */ = {
			isa = PBXContainerItemProxy;
			containerPortal = 3675DDBF2C8EF81400D3B6D5 /* Project object */;
			proxyType = 1;
			remoteGlobalIDString = 3675DDC62C8EF81400D3B6D5;
			remoteInfo = CrimeLogger;
		};
		3675DDE52C8EF81600D3B6D5 /* PBXContainerItemProxy */ = {
			isa = PBXContainerItemProxy;
			containerPortal = 3675DDBF2C8EF81400D3B6D5 /* Project object */;
			proxyType = 1;
			remoteGlobalIDString = 3675DDC62C8EF81400D3B6D5;
			remoteInfo = CrimeLogger;
		};
/* End PBXContainerItemProxy section */

/* Begin PBXFileReference section */
		360495812CAC01EC00F29186 /* CriminalDetailView.swift */ = {isa = PBXFileReference; lastKnownFileType = sourcecode.swift; path = CriminalDetailView.swift; sourceTree = "<group>"; };
		360495832CAC029800F29186 /* Utilities.swift */ = {isa = PBXFileReference; lastKnownFileType = sourcecode.swift; path = Utilities.swift; sourceTree = "<group>"; };
		360583C82C90C4C600968A9E /* PersistenceController.swift */ = {isa = PBXFileReference; lastKnownFileType = sourcecode.swift; path = PersistenceController.swift; sourceTree = "<group>"; };
		360583CA2C90C9D900968A9E /* AddCriminalView.swift */ = {isa = PBXFileReference; lastKnownFileType = sourcecode.swift; path = AddCriminalView.swift; sourceTree = "<group>"; };
		360583CC2C90C9F400968A9E /* ImagePicker.swift */ = {isa = PBXFileReference; lastKnownFileType = sourcecode.swift; path = ImagePicker.swift; sourceTree = "<group>"; };
		3647B3A62C90B0090042120F /* CriminalModel.xcdatamodel */ = {isa = PBXFileReference; lastKnownFileType = wrapper.xcdatamodel; path = CriminalModel.xcdatamodel; sourceTree = "<group>"; };
		3675DDC72C8EF81400D3B6D5 /* CrimeLogger.app */ = {isa = PBXFileReference; explicitFileType = wrapper.application; includeInIndex = 0; path = CrimeLogger.app; sourceTree = BUILT_PRODUCTS_DIR; };
		3675DDCA2C8EF81400D3B6D5 /* CrimeLoggerApp.swift */ = {isa = PBXFileReference; lastKnownFileType = sourcecode.swift; path = CrimeLoggerApp.swift; sourceTree = "<group>"; };
		3675DDCC2C8EF81400D3B6D5 /* ContentView.swift */ = {isa = PBXFileReference; lastKnownFileType = sourcecode.swift; path = ContentView.swift; sourceTree = "<group>"; };
		3675DDCE2C8EF81400D3B6D5 /* Item.swift */ = {isa = PBXFileReference; lastKnownFileType = sourcecode.swift; path = Item.swift; sourceTree = "<group>"; };
		3675DDD02C8EF81600D3B6D5 /* Assets.xcassets */ = {isa = PBXFileReference; lastKnownFileType = folder.assetcatalog; path = Assets.xcassets; sourceTree = "<group>"; };
		3675DDD22C8EF81600D3B6D5 /* CrimeLogger.entitlements */ = {isa = PBXFileReference; lastKnownFileType = text.plist.entitlements; path = CrimeLogger.entitlements; sourceTree = "<group>"; };
		3675DDD42C8EF81600D3B6D5 /* Preview Assets.xcassets */ = {isa = PBXFileReference; lastKnownFileType = folder.assetcatalog; path = "Preview Assets.xcassets"; sourceTree = "<group>"; };
		3675DDDA2C8EF81600D3B6D5 /* CrimeLoggerTests.xctest */ = {isa = PBXFileReference; explicitFileType = wrapper.cfbundle; includeInIndex = 0; path = CrimeLoggerTests.xctest; sourceTree = BUILT_PRODUCTS_DIR; };
		3675DDDE2C8EF81600D3B6D5 /* CrimeLoggerTests.swift */ = {isa = PBXFileReference; lastKnownFileType = sourcecode.swift; path = CrimeLoggerTests.swift; sourceTree = "<group>"; };
		3675DDE42C8EF81600D3B6D5 /* CrimeLoggerUITests.xctest */ = {isa = PBXFileReference; explicitFileType = wrapper.cfbundle; includeInIndex = 0; path = CrimeLoggerUITests.xctest; sourceTree = BUILT_PRODUCTS_DIR; };
		3675DDE82C8EF81600D3B6D5 /* CrimeLoggerUITests.swift */ = {isa = PBXFileReference; lastKnownFileType = sourcecode.swift; path = CrimeLoggerUITests.swift; sourceTree = "<group>"; };
		3675DDEA2C8EF81600D3B6D5 /* CrimeLoggerUITestsLaunchTests.swift */ = {isa = PBXFileReference; lastKnownFileType = sourcecode.swift; path = CrimeLoggerUITestsLaunchTests.swift; sourceTree = "<group>"; };
/* End PBXFileReference section */

/* Begin PBXFrameworksBuildPhase section */
		3675DDC42C8EF81400D3B6D5 /* Frameworks */ = {
			isa = PBXFrameworksBuildPhase;
			buildActionMask = 2147483647;
			files = (
			);
			runOnlyForDeploymentPostprocessing = 0;
		};
		3675DDD72C8EF81600D3B6D5 /* Frameworks */ = {
			isa = PBXFrameworksBuildPhase;
			buildActionMask = 2147483647;
			files = (
			);
			runOnlyForDeploymentPostprocessing = 0;
		};
		3675DDE12C8EF81600D3B6D5 /* Frameworks */ = {
			isa = PBXFrameworksBuildPhase;
			buildActionMask = 2147483647;
			files = (
			);
			runOnlyForDeploymentPostprocessing = 0;
		};
/* End PBXFrameworksBuildPhase section */

/* Begin PBXGroup section */
		3675DDBE2C8EF81400D3B6D5 = {
			isa = PBXGroup;
			children = (
				3675DDC92C8EF81400D3B6D5 /* CrimeLogger */,
				3675DDDD2C8EF81600D3B6D5 /* CrimeLoggerTests */,
				3675DDE72C8EF81600D3B6D5 /* CrimeLoggerUITests */,
				3675DDC82C8EF81400D3B6D5 /* Products */,
			);
			sourceTree = "<group>";
		};
		3675DDC82C8EF81400D3B6D5 /* Products */ = {
			isa = PBXGroup;
			children = (
				3675DDC72C8EF81400D3B6D5 /* CrimeLogger.app */,
				3675DDDA2C8EF81600D3B6D5 /* CrimeLoggerTests.xctest */,
				3675DDE42C8EF81600D3B6D5 /* CrimeLoggerUITests.xctest */,
			);
			name = Products;
			sourceTree = "<group>";
		};
		3675DDC92C8EF81400D3B6D5 /* CrimeLogger */ = {
			isa = PBXGroup;
			children = (
				360495832CAC029800F29186 /* Utilities.swift */,
				360495812CAC01EC00F29186 /* CriminalDetailView.swift */,
				3675DDCA2C8EF81400D3B6D5 /* CrimeLoggerApp.swift */,
				3675DDCC2C8EF81400D3B6D5 /* ContentView.swift */,
				360583CA2C90C9D900968A9E /* AddCriminalView.swift */,
				360583CC2C90C9F400968A9E /* ImagePicker.swift */,
				360583C82C90C4C600968A9E /* PersistenceController.swift */,
				3647B3A52C90B0090042120F /* CriminalModel.xcdatamodeld */,
				3675DDCE2C8EF81400D3B6D5 /* Item.swift */,
				3675DDD02C8EF81600D3B6D5 /* Assets.xcassets */,
				3675DDD22C8EF81600D3B6D5 /* CrimeLogger.entitlements */,
				3675DDD32C8EF81600D3B6D5 /* Preview Content */,
			);
			path = CrimeLogger;
			sourceTree = "<group>";
		};
		3675DDD32C8EF81600D3B6D5 /* Preview Content */ = {
			isa = PBXGroup;
			children = (
				3675DDD42C8EF81600D3B6D5 /* Preview Assets.xcassets */,
			);
			path = "Preview Content";
			sourceTree = "<group>";
		};
		3675DDDD2C8EF81600D3B6D5 /* CrimeLoggerTests */ = {
			isa = PBXGroup;
			children = (
				3675DDDE2C8EF81600D3B6D5 /* CrimeLoggerTests.swift */,
			);
			path = CrimeLoggerTests;
			sourceTree = "<group>";
		};
		3675DDE72C8EF81600D3B6D5 /* CrimeLoggerUITests */ = {
			isa = PBXGroup;
			children = (
				3675DDE82C8EF81600D3B6D5 /* CrimeLoggerUITests.swift */,
				3675DDEA2C8EF81600D3B6D5 /* CrimeLoggerUITestsLaunchTests.swift */,
			);
			path = CrimeLoggerUITests;
			sourceTree = "<group>";
		};
/* End PBXGroup section */

/* Begin PBXNativeTarget section */
		3675DDC62C8EF81400D3B6D5 /* CrimeLogger */ = {
			isa = PBXNativeTarget;
			buildConfigurationList = 3675DDEE2C8EF81600D3B6D5 /* Build configuration list for PBXNativeTarget "CrimeLogger" */;
			buildPhases = (
				3675DDC32C8EF81400D3B6D5 /* Sources */,
				3675DDC42C8EF81400D3B6D5 /* Frameworks */,
				3675DDC52C8EF81400D3B6D5 /* Resources */,
			);
			buildRules = (
			);
			dependencies = (
			);
			name = CrimeLogger;
			productName = CrimeLogger;
			productReference = 3675DDC72C8EF81400D3B6D5 /* CrimeLogger.app */;
			productType = "com.apple.product-type.application";
		};
		3675DDD92C8EF81600D3B6D5 /* CrimeLoggerTests */ = {
			isa = PBXNativeTarget;
			buildConfigurationList = 3675DDF12C8EF81600D3B6D5 /* Build configuration list for PBXNativeTarget "CrimeLoggerTests" */;
			buildPhases = (
				3675DDD62C8EF81600D3B6D5 /* Sources */,
				3675DDD72C8EF81600D3B6D5 /* Frameworks */,
				3675DDD82C8EF81600D3B6D5 /* Resources */,
			);
			buildRules = (
			);
			dependencies = (
				3675DDDC2C8EF81600D3B6D5 /* PBXTargetDependency */,
			);
			name = CrimeLoggerTests;
			productName = CrimeLoggerTests;
			productReference = 3675DDDA2C8EF81600D3B6D5 /* CrimeLoggerTests.xctest */;
			productType = "com.apple.product-type.bundle.unit-test";
		};
		3675DDE32C8EF81600D3B6D5 /* CrimeLoggerUITests */ = {
			isa = PBXNativeTarget;
			buildConfigurationList = 3675DDF42C8EF81600D3B6D5 /* Build configuration list for PBXNativeTarget "CrimeLoggerUITests" */;
			buildPhases = (
				3675DDE02C8EF81600D3B6D5 /* Sources */,
				3675DDE12C8EF81600D3B6D5 /* Frameworks */,
				3675DDE22C8EF81600D3B6D5 /* Resources */,
			);
			buildRules = (
			);
			dependencies = (
				3675DDE62C8EF81600D3B6D5 /* PBXTargetDependency */,
			);
			name = CrimeLoggerUITests;
			productName = CrimeLoggerUITests;
			productReference = 3675DDE42C8EF81600D3B6D5 /* CrimeLoggerUITests.xctest */;
			productType = "com.apple.product-type.bundle.ui-testing";
		};
/* End PBXNativeTarget section */

/* Begin PBXProject section */
		3675DDBF2C8EF81400D3B6D5 /* Project object */ = {
			isa = PBXProject;
			attributes = {
				BuildIndependentTargetsInParallel = 1;
				LastSwiftUpdateCheck = 1540;
				LastUpgradeCheck = 1600;
				TargetAttributes = {
					3675DDC62C8EF81400D3B6D5 = {
						CreatedOnToolsVersion = 15.4;
					};
					3675DDD92C8EF81600D3B6D5 = {
						CreatedOnToolsVersion = 15.4;
						TestTargetID = 3675DDC62C8EF81400D3B6D5;
					};
					3675DDE32C8EF81600D3B6D5 = {
						CreatedOnToolsVersion = 15.4;
						TestTargetID = 3675DDC62C8EF81400D3B6D5;
					};
				};
			};
			buildConfigurationList = 3675DDC22C8EF81400D3B6D5 /* Build configuration list for PBXProject "CrimeLogger" */;
			compatibilityVersion = "Xcode 14.0";
			developmentRegion = en;
			hasScannedForEncodings = 0;
			knownRegions = (
				en,
				Base,
			);
			mainGroup = 3675DDBE2C8EF81400D3B6D5;
			productRefGroup = 3675DDC82C8EF81400D3B6D5 /* Products */;
			projectDirPath = "";
			projectRoot = "";
			targets = (
				3675DDC62C8EF81400D3B6D5 /* CrimeLogger */,
				3675DDD92C8EF81600D3B6D5 /* CrimeLoggerTests */,
				3675DDE32C8EF81600D3B6D5 /* CrimeLoggerUITests */,
			);
		};
/* End PBXProject section */

/* Begin PBXResourcesBuildPhase section */
		3675DDC52C8EF81400D3B6D5 /* Resources */ = {
			isa = PBXResourcesBuildPhase;
			buildActionMask = 2147483647;
			files = (
				3675DDD52C8EF81600D3B6D5 /* Preview Assets.xcassets in Resources */,
				3675DDD12C8EF81600D3B6D5 /* Assets.xcassets in Resources */,
			);
			runOnlyForDeploymentPostprocessing = 0;
		};
		3675DDD82C8EF81600D3B6D5 /* Resources */ = {
			isa = PBXResourcesBuildPhase;
			buildActionMask = 2147483647;
			files = (
			);
			runOnlyForDeploymentPostprocessing = 0;
		};
		3675DDE22C8EF81600D3B6D5 /* Resources */ = {
			isa = PBXResourcesBuildPhase;
			buildActionMask = 2147483647;
			files = (
			);
			runOnlyForDeploymentPostprocessing = 0;
		};
/* End PBXResourcesBuildPhase section */

/* Begin PBXSourcesBuildPhase section */
		3675DDC32C8EF81400D3B6D5 /* Sources */ = {
			isa = PBXSourcesBuildPhase;
			buildActionMask = 2147483647;
			files = (
				360495822CAC01EF00F29186 /* CriminalDetailView.swift in Sources */,
				3675DDCD2C8EF81400D3B6D5 /* ContentView.swift in Sources */,
				360583CB2C90C9D900968A9E /* AddCriminalView.swift in Sources */,
				3675DDCF2C8EF81400D3B6D5 /* Item.swift in Sources */,
				360583CD2C90C9F400968A9E /* ImagePicker.swift in Sources */,
				3647B3A72C90B0090042120F /* CriminalModel.xcdatamodeld in Sources */,
				360495842CAC029E00F29186 /* Utilities.swift in Sources */,
				3675DDCB2C8EF81400D3B6D5 /* CrimeLoggerApp.swift in Sources */,
				360583C92C90C4C600968A9E /* PersistenceController.swift in Sources */,
			);
			runOnlyForDeploymentPostprocessing = 0;
		};
		3675DDD62C8EF81600D3B6D5 /* Sources */ = {
			isa = PBXSourcesBuildPhase;
			buildActionMask = 2147483647;
			files = (
				3675DDDF2C8EF81600D3B6D5 /* CrimeLoggerTests.swift in Sources */,
			);
			runOnlyForDeploymentPostprocessing = 0;
		};
		3675DDE02C8EF81600D3B6D5 /* Sources */ = {
			isa = PBXSourcesBuildPhase;
			buildActionMask = 2147483647;
			files = (
				3675DDE92C8EF81600D3B6D5 /* CrimeLoggerUITests.swift in Sources */,
				3675DDEB2C8EF81600D3B6D5 /* CrimeLoggerUITestsLaunchTests.swift in Sources */,
			);
			runOnlyForDeploymentPostprocessing = 0;
		};
/* End PBXSourcesBuildPhase section */

/* Begin PBXTargetDependency section */
		3675DDDC2C8EF81600D3B6D5 /* PBXTargetDependency */ = {
			isa = PBXTargetDependency;
			target = 3675DDC62C8EF81400D3B6D5 /* CrimeLogger */;
			targetProxy = 3675DDDB2C8EF81600D3B6D5 /* PBXContainerItemProxy */;
		};
		3675DDE62C8EF81600D3B6D5 /* PBXTargetDependency */ = {
			isa = PBXTargetDependency;
			target = 3675DDC62C8EF81400D3B6D5 /* CrimeLogger */;
			targetProxy = 3675DDE52C8EF81600D3B6D5 /* PBXContainerItemProxy */;
		};
/* End PBXTargetDependency section */

/* Begin XCBuildConfiguration section */
		3675DDEC2C8EF81600D3B6D5 /* Debug */ = {
			isa = XCBuildConfiguration;
			buildSettings = {
				ALWAYS_SEARCH_USER_PATHS = NO;
				ASSETCATALOG_COMPILER_GENERATE_SWIFT_ASSET_SYMBOL_EXTENSIONS = YES;
				CLANG_ANALYZER_NONNULL = YES;
				CLANG_ANALYZER_NUMBER_OBJECT_CONVERSION = YES_AGGRESSIVE;
				CLANG_CXX_LANGUAGE_STANDARD = "gnu++20";
				CLANG_ENABLE_MODULES = YES;
				CLANG_ENABLE_OBJC_ARC = YES;
				CLANG_ENABLE_OBJC_WEAK = YES;
				CLANG_WARN_BLOCK_CAPTURE_AUTORELEASING = YES;
				CLANG_WARN_BOOL_CONVERSION = YES;
				CLANG_WARN_COMMA = YES;
				CLANG_WARN_CONSTANT_CONVERSION = YES;
				CLANG_WARN_DEPRECATED_OBJC_IMPLEMENTATIONS = YES;
				CLANG_WARN_DIRECT_OBJC_ISA_USAGE = YES_ERROR;
				CLANG_WARN_DOCUMENTATION_COMMENTS = YES;
				CLANG_WARN_EMPTY_BODY = YES;
				CLANG_WARN_ENUM_CONVERSION = YES;
				CLANG_WARN_INFINITE_RECURSION = YES;
				CLANG_WARN_INT_CONVERSION = YES;
				CLANG_WARN_NON_LITERAL_NULL_CONVERSION = YES;
				CLANG_WARN_OBJC_IMPLICIT_RETAIN_SELF = YES;
				CLANG_WARN_OBJC_LITERAL_CONVERSION = YES;
				CLANG_WARN_OBJC_ROOT_CLASS = YES_ERROR;
				CLANG_WARN_QUOTED_INCLUDE_IN_FRAMEWORK_HEADER = YES;
				CLANG_WARN_RANGE_LOOP_ANALYSIS = YES;
				CLANG_WARN_STRICT_PROTOTYPES = YES;
				CLANG_WARN_SUSPICIOUS_MOVE = YES;
				CLANG_WARN_UNGUARDED_AVAILABILITY = YES_AGGRESSIVE;
				CLANG_WARN_UNREACHABLE_CODE = YES;
				CLANG_WARN__DUPLICATE_METHOD_MATCH = YES;
				COPY_PHASE_STRIP = NO;
				DEAD_CODE_STRIPPING = YES;
				DEBUG_INFORMATION_FORMAT = dwarf;
				ENABLE_STRICT_OBJC_MSGSEND = YES;
				ENABLE_TESTABILITY = YES;
				ENABLE_USER_SCRIPT_SANDBOXING = YES;
				GCC_C_LANGUAGE_STANDARD = gnu17;
				GCC_DYNAMIC_NO_PIC = NO;
				GCC_NO_COMMON_BLOCKS = YES;
				GCC_OPTIMIZATION_LEVEL = 0;
				GCC_PREPROCESSOR_DEFINITIONS = (
					"DEBUG=1",
					"$(inherited)",
				);
				GCC_WARN_64_TO_32_BIT_CONVERSION = YES;
				GCC_WARN_ABOUT_RETURN_TYPE = YES_ERROR;
				GCC_WARN_UNDECLARED_SELECTOR = YES;
				GCC_WARN_UNINITIALIZED_AUTOS = YES_AGGRESSIVE;
				GCC_WARN_UNUSED_FUNCTION = YES;
				GCC_WARN_UNUSED_VARIABLE = YES;
				LOCALIZATION_PREFERS_STRING_CATALOGS = YES;
				MTL_ENABLE_DEBUG_INFO = INCLUDE_SOURCE;
				MTL_FAST_MATH = YES;
				ONLY_ACTIVE_ARCH = YES;
				SWIFT_ACTIVE_COMPILATION_CONDITIONS = "DEBUG $(inherited)";
				SWIFT_OPTIMIZATION_LEVEL = "-Onone";
			};
			name = Debug;
		};
		3675DDED2C8EF81600D3B6D5 /* Release */ = {
			isa = XCBuildConfiguration;
			buildSettings = {
				ALWAYS_SEARCH_USER_PATHS = NO;
				ASSETCATALOG_COMPILER_GENERATE_SWIFT_ASSET_SYMBOL_EXTENSIONS = YES;
				CLANG_ANALYZER_NONNULL = YES;
				CLANG_ANALYZER_NUMBER_OBJECT_CONVERSION = YES_AGGRESSIVE;
				CLANG_CXX_LANGUAGE_STANDARD = "gnu++20";
				CLANG_ENABLE_MODULES = YES;
				CLANG_ENABLE_OBJC_ARC = YES;
				CLANG_ENABLE_OBJC_WEAK = YES;
				CLANG_WARN_BLOCK_CAPTURE_AUTORELEASING = YES;
				CLANG_WARN_BOOL_CONVERSION = YES;
				CLANG_WARN_COMMA = YES;
				CLANG_WARN_CONSTANT_CONVERSION = YES;
				CLANG_WARN_DEPRECATED_OBJC_IMPLEMENTATIONS = YES;
				CLANG_WARN_DIRECT_OBJC_ISA_USAGE = YES_ERROR;
				CLANG_WARN_DOCUMENTATION_COMMENTS = YES;
				CLANG_WARN_EMPTY_BODY = YES;
				CLANG_WARN_ENUM_CONVERSION = YES;
				CLANG_WARN_INFINITE_RECURSION = YES;
				CLANG_WARN_INT_CONVERSION = YES;
				CLANG_WARN_NON_LITERAL_NULL_CONVERSION = YES;
				CLANG_WARN_OBJC_IMPLICIT_RETAIN_SELF = YES;
				CLANG_WARN_OBJC_LITERAL_CONVERSION = YES;
				CLANG_WARN_OBJC_ROOT_CLASS = YES_ERROR;
				CLANG_WARN_QUOTED_INCLUDE_IN_FRAMEWORK_HEADER = YES;
				CLANG_WARN_RANGE_LOOP_ANALYSIS = YES;
				CLANG_WARN_STRICT_PROTOTYPES = YES;
				CLANG_WARN_SUSPICIOUS_MOVE = YES;
				CLANG_WARN_UNGUARDED_AVAILABILITY = YES_AGGRESSIVE;
				CLANG_WARN_UNREACHABLE_CODE = YES;
				CLANG_WARN__DUPLICATE_METHOD_MATCH = YES;
				COPY_PHASE_STRIP = NO;
				DEAD_CODE_STRIPPING = YES;
				DEBUG_INFORMATION_FORMAT = "dwarf-with-dsym";
				ENABLE_NS_ASSERTIONS = NO;
				ENABLE_STRICT_OBJC_MSGSEND = YES;
				ENABLE_USER_SCRIPT_SANDBOXING = YES;
				GCC_C_LANGUAGE_STANDARD = gnu17;
				GCC_NO_COMMON_BLOCKS = YES;
				GCC_WARN_64_TO_32_BIT_CONVERSION = YES;
				GCC_WARN_ABOUT_RETURN_TYPE = YES_ERROR;
				GCC_WARN_UNDECLARED_SELECTOR = YES;
				GCC_WARN_UNINITIALIZED_AUTOS = YES_AGGRESSIVE;
				GCC_WARN_UNUSED_FUNCTION = YES;
				GCC_WARN_UNUSED_VARIABLE = YES;
				LOCALIZATION_PREFERS_STRING_CATALOGS = YES;
				MTL_ENABLE_DEBUG_INFO = NO;
				MTL_FAST_MATH = YES;
				SWIFT_COMPILATION_MODE = wholemodule;
			};
			name = Release;
		};
		3675DDEF2C8EF81600D3B6D5 /* Debug */ = {
			isa = XCBuildConfiguration;
			buildSettings = {
				ASSETCATALOG_COMPILER_APPICON_NAME = AppIcon;
				ASSETCATALOG_COMPILER_GLOBAL_ACCENT_COLOR_NAME = AccentColor;
				CODE_SIGN_ENTITLEMENTS = CrimeLogger/CrimeLogger.entitlements;
				CODE_SIGN_STYLE = Automatic;
				CURRENT_PROJECT_VERSION = 1;
				DEAD_CODE_STRIPPING = YES;
				DEVELOPMENT_ASSET_PATHS = "\"CrimeLogger/Preview Content\"";
				DEVELOPMENT_TEAM = X9GMDS8BZW;
				ENABLE_PREVIEWS = YES;
				GENERATE_INFOPLIST_FILE = YES;
				"INFOPLIST_KEY_UIApplicationSceneManifest_Generation[sdk=iphoneos*]" = YES;
				"INFOPLIST_KEY_UIApplicationSceneManifest_Generation[sdk=iphonesimulator*]" = YES;
				"INFOPLIST_KEY_UIApplicationSupportsIndirectInputEvents[sdk=iphoneos*]" = YES;
				"INFOPLIST_KEY_UIApplicationSupportsIndirectInputEvents[sdk=iphonesimulator*]" = YES;
				"INFOPLIST_KEY_UILaunchScreen_Generation[sdk=iphoneos*]" = YES;
				"INFOPLIST_KEY_UILaunchScreen_Generation[sdk=iphonesimulator*]" = YES;
				"INFOPLIST_KEY_UIStatusBarStyle[sdk=iphoneos*]" = UIStatusBarStyleDefault;
				"INFOPLIST_KEY_UIStatusBarStyle[sdk=iphonesimulator*]" = UIStatusBarStyleDefault;
				INFOPLIST_KEY_UISupportedInterfaceOrientations_iPad = "UIInterfaceOrientationPortrait UIInterfaceOrientationPortraitUpsideDown UIInterfaceOrientationLandscapeLeft UIInterfaceOrientationLandscapeRight";
				INFOPLIST_KEY_UISupportedInterfaceOrientations_iPhone = "UIInterfaceOrientationPortrait UIInterfaceOrientationLandscapeLeft UIInterfaceOrientationLandscapeRight";
				IPHONEOS_DEPLOYMENT_TARGET = 17.5;
				LD_RUNPATH_SEARCH_PATHS = "@executable_path/Frameworks";
				"LD_RUNPATH_SEARCH_PATHS[sdk=macosx*]" = "@executable_path/../Frameworks";
				MACOSX_DEPLOYMENT_TARGET = 14.0;
				MARKETING_VERSION = 1.0;
				PRODUCT_BUNDLE_IDENTIFIER = com.crimetracker.CrimeLogger;
				PRODUCT_NAME = "$(TARGET_NAME)";
				SDKROOT = auto;
				SUPPORTED_PLATFORMS = "iphoneos iphonesimulator macosx";
				SWIFT_EMIT_LOC_STRINGS = YES;
				SWIFT_VERSION = 5.0;
				TARGETED_DEVICE_FAMILY = "1,2";
			};
			name = Debug;
		};
		3675DDF02C8EF81600D3B6D5 /* Release */ = {
			isa = XCBuildConfiguration;
			buildSettings = {
				ASSETCATALOG_COMPILER_APPICON_NAME = AppIcon;
				ASSETCATALOG_COMPILER_GLOBAL_ACCENT_COLOR_NAME = AccentColor;
				CODE_SIGN_ENTITLEMENTS = CrimeLogger/CrimeLogger.entitlements;
				CODE_SIGN_STYLE = Automatic;
				CURRENT_PROJECT_VERSION = 1;
				DEAD_CODE_STRIPPING = YES;
				DEVELOPMENT_ASSET_PATHS = "\"CrimeLogger/Preview Content\"";
				DEVELOPMENT_TEAM = X9GMDS8BZW;
				ENABLE_PREVIEWS = YES;
				GENERATE_INFOPLIST_FILE = YES;
				"INFOPLIST_KEY_UIApplicationSceneManifest_Generation[sdk=iphoneos*]" = YES;
				"INFOPLIST_KEY_UIApplicationSceneManifest_Generation[sdk=iphonesimulator*]" = YES;
				"INFOPLIST_KEY_UIApplicationSupportsIndirectInputEvents[sdk=iphoneos*]" = YES;
				"INFOPLIST_KEY_UIApplicationSupportsIndirectInputEvents[sdk=iphonesimulator*]" = YES;
				"INFOPLIST_KEY_UILaunchScreen_Generation[sdk=iphoneos*]" = YES;
				"INFOPLIST_KEY_UILaunchScreen_Generation[sdk=iphonesimulator*]" = YES;
				"INFOPLIST_KEY_UIStatusBarStyle[sdk=iphoneos*]" = UIStatusBarStyleDefault;
				"INFOPLIST_KEY_UIStatusBarStyle[sdk=iphonesimulator*]" = UIStatusBarStyleDefault;
				INFOPLIST_KEY_UISupportedInterfaceOrientations_iPad = "UIInterfaceOrientationPortrait UIInterfaceOrientationPortraitUpsideDown UIInterfaceOrientationLandscapeLeft UIInterfaceOrientationLandscapeRight";
				INFOPLIST_KEY_UISupportedInterfaceOrientations_iPhone = "UIInterfaceOrientationPortrait UIInterfaceOrientationLandscapeLeft UIInterfaceOrientationLandscapeRight";
				IPHONEOS_DEPLOYMENT_TARGET = 17.5;
				LD_RUNPATH_SEARCH_PATHS = "@executable_path/Frameworks";
				"LD_RUNPATH_SEARCH_PATHS[sdk=macosx*]" = "@executable_path/../Frameworks";
				MACOSX_DEPLOYMENT_TARGET = 14.0;
				MARKETING_VERSION = 1.0;
				PRODUCT_BUNDLE_IDENTIFIER = com.crimetracker.CrimeLogger;
				PRODUCT_NAME = "$(TARGET_NAME)";
				SDKROOT = auto;
				SUPPORTED_PLATFORMS = "iphoneos iphonesimulator macosx";
				SWIFT_EMIT_LOC_STRINGS = YES;
				SWIFT_VERSION = 5.0;
				TARGETED_DEVICE_FAMILY = "1,2";
			};
			name = Release;
		};
		3675DDF22C8EF81600D3B6D5 /* Debug */ = {
			isa = XCBuildConfiguration;
			buildSettings = {
				BUNDLE_LOADER = "$(TEST_HOST)";
				CODE_SIGN_STYLE = Automatic;
				CURRENT_PROJECT_VERSION = 1;
				DEAD_CODE_STRIPPING = YES;
				GENERATE_INFOPLIST_FILE = YES;
				IPHONEOS_DEPLOYMENT_TARGET = 17.5;
				MACOSX_DEPLOYMENT_TARGET = 14.5;
				MARKETING_VERSION = 1.0;
				PRODUCT_BUNDLE_IDENTIFIER = com.crimetracker.CrimeLoggerTests;
				PRODUCT_NAME = "$(TARGET_NAME)";
				SDKROOT = auto;
				SUPPORTED_PLATFORMS = "iphoneos iphonesimulator macosx";
				SWIFT_EMIT_LOC_STRINGS = NO;
				SWIFT_VERSION = 5.0;
				TARGETED_DEVICE_FAMILY = "1,2";
				TEST_HOST = "$(BUILT_PRODUCTS_DIR)/CrimeLogger.app/$(BUNDLE_EXECUTABLE_FOLDER_PATH)/CrimeLogger";
			};
			name = Debug;
		};
		3675DDF32C8EF81600D3B6D5 /* Release */ = {
			isa = XCBuildConfiguration;
			buildSettings = {
				BUNDLE_LOADER = "$(TEST_HOST)";
				CODE_SIGN_STYLE = Automatic;
				CURRENT_PROJECT_VERSION = 1;
				DEAD_CODE_STRIPPING = YES;
				GENERATE_INFOPLIST_FILE = YES;
				IPHONEOS_DEPLOYMENT_TARGET = 17.5;
				MACOSX_DEPLOYMENT_TARGET = 14.5;
				MARKETING_VERSION = 1.0;
				PRODUCT_BUNDLE_IDENTIFIER = com.crimetracker.CrimeLoggerTests;
				PRODUCT_NAME = "$(TARGET_NAME)";
				SDKROOT = auto;
				SUPPORTED_PLATFORMS = "iphoneos iphonesimulator macosx";
				SWIFT_EMIT_LOC_STRINGS = NO;
				SWIFT_VERSION = 5.0;
				TARGETED_DEVICE_FAMILY = "1,2";
				TEST_HOST = "$(BUILT_PRODUCTS_DIR)/CrimeLogger.app/$(BUNDLE_EXECUTABLE_FOLDER_PATH)/CrimeLogger";
			};
			name = Release;
		};
		3675DDF52C8EF81600D3B6D5 /* Debug */ = {
			isa = XCBuildConfiguration;
			buildSettings = {
				CODE_SIGN_STYLE = Automatic;
				CURRENT_PROJECT_VERSION = 1;
				DEAD_CODE_STRIPPING = YES;
				GENERATE_INFOPLIST_FILE = YES;
				IPHONEOS_DEPLOYMENT_TARGET = 17.5;
				MACOSX_DEPLOYMENT_TARGET = 14.5;
				MARKETING_VERSION = 1.0;
				PRODUCT_BUNDLE_IDENTIFIER = com.crimetracker.CrimeLoggerUITests;
				PRODUCT_NAME = "$(TARGET_NAME)";
				SDKROOT = auto;
				SUPPORTED_PLATFORMS = "iphoneos iphonesimulator macosx";
				SWIFT_EMIT_LOC_STRINGS = NO;
				SWIFT_VERSION = 5.0;
				TARGETED_DEVICE_FAMILY = "1,2";
				TEST_TARGET_NAME = CrimeLogger;
			};
			name = Debug;
		};
		3675DDF62C8EF81600D3B6D5 /* Release */ = {
			isa = XCBuildConfiguration;
			buildSettings = {
				CODE_SIGN_STYLE = Automatic;
				CURRENT_PROJECT_VERSION = 1;
				DEAD_CODE_STRIPPING = YES;
				GENERATE_INFOPLIST_FILE = YES;
				IPHONEOS_DEPLOYMENT_TARGET = 17.5;
				MACOSX_DEPLOYMENT_TARGET = 14.5;
				MARKETING_VERSION = 1.0;
				PRODUCT_BUNDLE_IDENTIFIER = com.crimetracker.CrimeLoggerUITests;
				PRODUCT_NAME = "$(TARGET_NAME)";
				SDKROOT = auto;
				SUPPORTED_PLATFORMS = "iphoneos iphonesimulator macosx";
				SWIFT_EMIT_LOC_STRINGS = NO;
				SWIFT_VERSION = 5.0;
				TARGETED_DEVICE_FAMILY = "1,2";
				TEST_TARGET_NAME = CrimeLogger;
			};
			name = Release;
		};
/* End XCBuildConfiguration section */

/* Begin XCConfigurationList section */
		3675DDC22C8EF81400D3B6D5 /* Build configuration list for PBXProject "CrimeLogger" */ = {
			isa = XCConfigurationList;
			buildConfigurations = (
				3675DDEC2C8EF81600D3B6D5 /* Debug */,
				3675DDED2C8EF81600D3B6D5 /* Release */,
			);
			defaultConfigurationIsVisible = 0;
			defaultConfigurationName = Release;
		};
		3675DDEE2C8EF81600D3B6D5 /* Build configuration list for PBXNativeTarget "CrimeLogger" */ = {
			isa = XCConfigurationList;
			buildConfigurations = (
				3675DDEF2C8EF81600D3B6D5 /* Debug */,
				3675DDF02C8EF81600D3B6D5 /* Release */,
			);
			defaultConfigurationIsVisible = 0;
			defaultConfigurationName = Release;
		};
		3675DDF12C8EF81600D3B6D5 /* Build configuration list for PBXNativeTarget "CrimeLoggerTests" */ = {
			isa = XCConfigurationList;
			buildConfigurations = (
				3675DDF22C8EF81600D3B6D5 /* Debug */,
				3675DDF32C8EF81600D3B6D5 /* Release */,
			);
			defaultConfigurationIsVisible = 0;
			defaultConfigurationName = Release;
		};
		3675DDF42C8EF81600D3B6D5 /* Build configuration list for PBXNativeTarget "CrimeLoggerUITests" */ = {
			isa = XCConfigurationList;
			buildConfigurations = (
				3675DDF52C8EF81600D3B6D5 /* Debug */,
				3675DDF62C8EF81600D3B6D5 /* Release */,
			);
			defaultConfigurationIsVisible = 0;
			defaultConfigurationName = Release;
		};
/* End XCConfigurationList section */

/* Begin XCVersionGroup section */
		3647B3A52C90B0090042120F /* CriminalModel.xcdatamodeld */ = {
			isa = XCVersionGroup;
			children = (
				3647B3A62C90B0090042120F /* CriminalModel.xcdatamodel */,
			);
			currentVersion = 3647B3A62C90B0090042120F /* CriminalModel.xcdatamodel */;
			name = CriminalModel.xcdatamodeld;
			path = "/Users/polina/Desktop/untitled folder/CrimeLogger/CrimeLogger/CriminalModel.xcdatamodeld";
			sourceTree = "<group>";
			versionGroupType = wrapper.xcdatamodel;
		};
/* End XCVersionGroup section */
	};
	rootObject = 3675DDBF2C8EF81400D3B6D5 /* Project object */;
}
